
Microsoft Visual Studio Solution File, Format Version 12.00
# Visual Studio Version 16
VisualStudioVersion = 16.0.29519.87
MinimumVisualStudioVersion = 10.0.40219.1
Project("{8BC9CEB8-8B4A-11D0-8D11-00A0C91BC942}") = "wycieczka", "wycieczka\wycieczka.vcxproj", "{742B02CB-1360-4802-BB14-C4F7CB41D08C}"
EndProject
Global
	GlobalSection(SolutionConfigurationPlatforms) = preSolution
		Debug|x64 = Debug|x64
		Debug|x86 = Debug|x86
		Release|x64 = Release|x64
		Release|x86 = Release|x86
	EndGlobalSection
	GlobalSection(ProjectConfigurationPlatforms) = postSolution
		{742B02CB-1360-4802-BB14-C4F7CB41D08C}.Debug|x64.ActiveCfg = Debug|x64
		{742B02CB-1360-4802-BB14-C4F7CB41D08C}.Debug|x64.Build.0 = Debug|x64
		{742B02CB-1360-4802-BB14-C4F7CB41D08C}.Debug|x86.ActiveCfg = Debug|Win32
		{742B02CB-1360-4802-BB14-C4F7CB41D08C}.Debug|x86.Build.0 = Debug|Win32
		{742B02CB-1360-4802-BB14-C4F7CB41D08C}.Release|x64.ActiveCfg = Release|x64
		{742B02CB-1360-4802-BB14-C4F7CB41D08C}.Release|x64.Build.0 = Release|x64
		{742B02CB-1360-4802-BB14-C4F7CB41D08C}.Release|x86.ActiveCfg = Release|Win32
		{742B02CB-1360-4802-BB14-C4F7CB41D08C}.Release|x86.Build.0 = Release|Win32
	EndGlobalSection
	GlobalSection(SolutionProperties) = preSolution
		HideSolutionNode = FALSE
	EndGlobalSection
	GlobalSection(ExtensibilityGlobals) = postSolution
		SolutionGuid = {844F0CC8-2E16-4E69-A3F4-D4285054731C}
	EndGlobalSection
EndGlobal
